
Microsoft Visual Studio Solution File, Format Version 12.00
# Visual Studio 2013
VisualStudioVersion = 12.0.31101.0
MinimumVisualStudioVersion = 10.0.40219.1
Project("{FAE04EC0-301F-11D3-BF4B-00C04F79EFBC}") = "Whmcs", "WHMCS.EasyAPI\Whmcs.csproj", "{145A515A-DCE2-4AF4-988A-52936858B900}"
EndProject
Project("{FAE04EC0-301F-11D3-BF4B-00C04F79EFBC}") = "WHMCS.EasyAPI.Example", "WHMCS.EasyAPI.Example\WHMCS.EasyAPI.Example.csproj", "{DC21F309-C33C-4735-882B-8991481C85CB}"
	ProjectSection(ProjectDependencies) = postProject
		{145A515A-DCE2-4AF4-988A-52936858B900} = {145A515A-DCE2-4AF4-988A-52936858B900}
	EndProjectSection
EndProject
Global
	GlobalSection(SolutionConfigurationPlatforms) = preSolution
		Debug|Any CPU = Debug|Any CPU
		Release|Any CPU = Release|Any CPU
	EndGlobalSection
	GlobalSection(ProjectConfigurationPlatforms) = postSolution
		{145A515A-DCE2-4AF4-988A-52936858B900}.Debug|Any CPU.ActiveCfg = Debug|Any CPU
		{145A515A-DCE2-4AF4-988A-52936858B900}.Debug|Any CPU.Build.0 = Debug|Any CPU
		{145A515A-DCE2-4AF4-988A-52936858B900}.Release|Any CPU.ActiveCfg = Release|Any CPU
		{145A515A-DCE2-4AF4-988A-52936858B900}.Release|Any CPU.Build.0 = Release|Any CPU
		{DC21F309-C33C-4735-882B-8991481C85CB}.Debug|Any CPU.ActiveCfg = Debug|Any CPU
		{DC21F309-C33C-4735-882B-8991481C85CB}.Debug|Any CPU.Build.0 = Debug|Any CPU
		{DC21F309-C33C-4735-882B-8991481C85CB}.Release|Any CPU.ActiveCfg = Release|Any CPU
		{DC21F309-C33C-4735-882B-8991481C85CB}.Release|Any CPU.Build.0 = Release|Any CPU
	EndGlobalSection
	GlobalSection(SolutionProperties) = preSolution
		HideSolutionNode = FALSE
	EndGlobalSection
EndGlobal
